lockfileVersion: '9.0'

settings:
  autoInstallPeers: true
  excludeLinksFromLockfile: false

importers:

  .:
    dependencies:
      telegraf:
        specifier: ^4.16.3
        version: 4.16.3
    devDependencies:
      oxlint:
        specifier: ^0.13.0
        version: 0.13.0
      typescript:
        specifier: ^5.6.3
        version: 5.6.3

packages:

  '@oxlint/darwin-arm64@0.13.0':
    resolution: {integrity: sha512-TFVi4gWKmn4oUoaS6AUU6cvlA+xLCIHQWA27LdnyfmRDerxHSWaG4yPNq9bvhDAeeEWqid5+TR5ndu4WRhEr5A==}
    cpu: [arm64]
    os: [darwin]

  '@oxlint/darwin-x64@0.13.0':
    resolution: {integrity: sha512-ihbegvRXcED2Bgz9Lt4AGFoNfvh/tUZPrFR5DZ3Hn8muab+PEFfXXXKcelSDpTB4za5bDXz6dZcAUUfQUWPwxg==}
    cpu: [x64]
    os: [darwin]

  '@oxlint/linux-arm64-gnu@0.13.0':
    resolution: {integrity: sha512-k4r03/29d+IdcT30B6H5TpWT7bFrkqbRrFQ5VS6GX5ISN0yRdagu4Q08sDimCTTXvg5H9Z/sHmxbw7tbjGGW4w==}
    cpu: [arm64]
    os: [linux]

  '@oxlint/linux-arm64-musl@0.13.0':
    resolution: {integrity: sha512-m+LFHCwNydIrGHDz1VPTaQsZewaqYadKhzyjsw4TRf0g5fxeEC4tkv6MI80D2S//QO6DJi8VcnPfVqGWoS5vQQ==}
    cpu: [arm64]
    os: [linux]

  '@oxlint/linux-x64-gnu@0.13.0':
    resolution: {integrity: sha512-Kixb9MXi5muDKsrNo5k7TANEE3DuUUSKIgoBN68LbX4n2owjCsq/gnzVjQ/rDK0vFn0JQMxMXWjBZvV64ybXMQ==}
    cpu: [x64]
    os: [linux]

  '@oxlint/linux-x64-musl@0.13.0':
    resolution: {integrity: sha512-wCCsesDf05G0bjXMrxAvH36Cl4q0oavR3fo4N5NJyyrRdZ+feAZSsfaHRpvlqkJyUM3vhP6emKrXzIN5fp22dw==}
    cpu: [x64]
    os: [linux]

  '@oxlint/win32-arm64@0.13.0':
    resolution: {integrity: sha512-xO6oZ+0yjYuEviKqRUVWMuYvzYqJDHd0IcBss8J2o45OS9SH+mNNk5gZJm9uKbDdmFZcDn2OlZxAiygVMxHt9g==}
    cpu: [arm64]
    os: [win32]

  '@oxlint/win32-x64@0.13.0':
    resolution: {integrity: sha512-NiiaQ/AD1ILQ8cXRxdjE/dRMCRABFbelSYqoFrrklV2Y7hwtF0Law48GvM5ysQbz/NHVpQpnVNQOQ3cevywn3w==}
    cpu: [x64]
    os: [win32]

  '@telegraf/types@7.1.0':
    resolution: {integrity: sha512-kGevOIbpMcIlCDeorKGpwZmdH7kHbqlk/Yj6dEpJMKEQw5lk0KVQY0OLXaCswy8GqlIVLd5625OB+rAntP9xVw==}

  abort-controller@3.0.0:
    resolution: {integrity: sha512-h8lQ8tacZYnR3vNQTgibj+tODHI5/+l06Au2Pcriv/Gmet0eaj4TwWH41sO9wnHDiQsEj19q0drzdWdeAHtweg==}
    engines: {node: '>=6.5'}

  buffer-alloc-unsafe@1.1.0:
    resolution: {integrity: sha512-TEM2iMIEQdJ2yjPJoSIsldnleVaAk1oW3DBVUykyOLsEsFmEc9kn+SFFPz+gl54KQNxlDnAwCXosOS9Okx2xAg==}

  buffer-alloc@1.2.0:
    resolution: {integrity: sha512-CFsHQgjtW1UChdXgbyJGtnm+O/uLQeZdtbDo8mfUgYXCHSM1wgrVxXm6bSyrUuErEb+4sYVGCzASBRot7zyrow==}

  buffer-fill@1.0.0:
    resolution: {integrity: sha512-T7zexNBwiiaCOGDg9xNX9PBmjrubblRkENuptryuI64URkXDFum9il/JGL8Lm8wYfAXpredVXXZz7eMHilimiQ==}

  debug@4.3.7:
    resolution: {integrity: sha512-Er2nc/H7RrMXZBFCEim6TCmMk02Z8vLC2Rbi1KEBggpo0fS6l0S1nnapwmIi3yW/+GOJap1Krg4w0Hg80oCqgQ==}
    engines: {node: '>=6.0'}
    peerDependencies:
      supports-color: '*'
    peerDependenciesMeta:
      supports-color:
        optional: true

  event-target-shim@5.0.1:
    resolution: {integrity: sha512-i/2XbnSz/uxRCU6+NdVJgKWDTM427+MqYbkQzD321DuCQJUqOuJKIA0IM2+W2xtYHdKOmZ4dR6fExsd4SXL+WQ==}
    engines: {node: '>=6'}

  mri@1.2.0:
    resolution: {integrity: sha512-tzzskb3bG8LvYGFF/mDTpq3jpI6Q9wc3LEmBaghu+DdCssd1FakN7Bc0hVNmEyGq1bq3RgfkCb3cmQLpNPOroA==}
    engines: {node: '>=4'}

  ms@2.1.3:
    resolution: {integrity: sha512-6FlzubTLZG3J2a/NVCAleEhjzq5oxgHyaCU9yYXvcLsvoVaHJq/s5xXI6/XXP6tz7R9xAOtHnSO/tXtF3WRTlA==}

  node-fetch@2.7.0:
    resolution: {integrity: sha512-c4FRfUm/dbcWZ7U+1Wq0AwCyFL+3nt2bEw05wfxSz+DWpWsitgmSgYmy2dQdWyKC1694ELPqMs/YzUSNozLt8A==}
    engines: {node: 4.x || >=6.0.0}
    peerDependencies:
      encoding: ^0.1.0
    peerDependenciesMeta:
      encoding:
        optional: true

  oxlint@0.13.0:
    resolution: {integrity: sha512-YUwybs9U5siS54Q+vVkxMQXiNF6LHeLRxihj6toUFwrYSxL1wsV6HUiAS8Vig+USDIGoEDdGBgpq29iwWDjYHw==}
    engines: {node: '>=14.*'}
    hasBin: true

  p-timeout@4.1.0:
    resolution: {integrity: sha512-+/wmHtzJuWii1sXn3HCuH/FTwGhrp4tmJTxSKJbfS+vkipci6osxXM5mY0jUiRzWKMTgUT8l7HFbeSwZAynqHw==}
    engines: {node: '>=10'}

  safe-compare@1.1.4:
    resolution: {integrity: sha512-b9wZ986HHCo/HbKrRpBJb2kqXMK9CEWIE1egeEvZsYn69ay3kdfl9nG3RyOcR+jInTDf7a86WQ1d4VJX7goSSQ==}

  sandwich-stream@2.0.2:
    resolution: {integrity: sha512-jLYV0DORrzY3xaz/S9ydJL6Iz7essZeAfnAavsJ+zsJGZ1MOnsS52yRjU3uF3pJa/lla7+wisp//fxOwOH8SKQ==}
    engines: {node: '>= 0.10'}

  telegraf@4.16.3:
    resolution: {integrity: sha512-yjEu2NwkHlXu0OARWoNhJlIjX09dRktiMQFsM678BAH/PEPVwctzL67+tvXqLCRQQvm3SDtki2saGO9hLlz68w==}
    engines: {node: ^12.20.0 || >=14.13.1}
    hasBin: true

  tr46@0.0.3:
    resolution: {integrity: sha512-N3WMsuqV66lT30CrXNbEjx4GEwlow3v6rr4mCcv6prnfwhS01rkgyFdjPNBYd9br7LpXV1+Emh01fHnq2Gdgrw==}

  typescript@5.6.3:
    resolution: {integrity: sha512-hjcS1mhfuyi4WW8IWtjP7brDrG2cuDZukyrYrSauoXGNgx0S7zceP07adYkJycEr56BOUTNPzbInooiN3fn1qw==}
    engines: {node: '>=14.17'}
    hasBin: true

  webidl-conversions@3.0.1:
    resolution: {integrity: sha512-2JAn3z8AR6rjK8Sm8orRC0h/bcl/DqL7tRPdGZ4I1CjdF+EaMLmYxBHyXuKL849eucPFhvBoxMsflfOb8kxaeQ==}

  whatwg-url@5.0.0:
    resolution: {integrity: sha512-saE57nupxk6v3HY35+jzBwYa0rKSy0XR8JSxZPwgLr7ys0IBzhGviA1/TUGJLmSVqs8pb9AnvICXEuOHLprYTw==}

snapshots:

  '@oxlint/darwin-arm64@0.13.0':
    optional: true

  '@oxlint/darwin-x64@0.13.0':
    optional: true

  '@oxlint/linux-arm64-gnu@0.13.0':
    optional: true

  '@oxlint/linux-arm64-musl@0.13.0':
    optional: true

  '@oxlint/linux-x64-gnu@0.13.0':
    optional: true

  '@oxlint/linux-x64-musl@0.13.0':
    optional: true

  '@oxlint/win32-arm64@0.13.0':
    optional: true

  '@oxlint/win32-x64@0.13.0':
    optional: true

  '@telegraf/types@7.1.0': {}

  abort-controller@3.0.0:
    dependencies:
      event-target-shim: 5.0.1

  buffer-alloc-unsafe@1.1.0: {}

  buffer-alloc@1.2.0:
    dependencies:
      buffer-alloc-unsafe: 1.1.0
      buffer-fill: 1.0.0

  buffer-fill@1.0.0: {}

  debug@4.3.7:
    dependencies:
      ms: 2.1.3

  event-target-shim@5.0.1: {}

  mri@1.2.0: {}

  ms@2.1.3: {}

  node-fetch@2.7.0:
    dependencies:
      whatwg-url: 5.0.0

  oxlint@0.13.0:
    optionalDependencies:
      '@oxlint/darwin-arm64': 0.13.0
      '@oxlint/darwin-x64': 0.13.0
      '@oxlint/linux-arm64-gnu': 0.13.0
      '@oxlint/linux-arm64-musl': 0.13.0
      '@oxlint/linux-x64-gnu': 0.13.0
      '@oxlint/linux-x64-musl': 0.13.0
      '@oxlint/win32-arm64': 0.13.0
      '@oxlint/win32-x64': 0.13.0

  p-timeout@4.1.0: {}

  safe-compare@1.1.4:
    dependencies:
      buffer-alloc: 1.2.0

  sandwich-stream@2.0.2: {}

  telegraf@4.16.3:
    dependencies:
      '@telegraf/types': 7.1.0
      abort-controller: 3.0.0
      debug: 4.3.7
      mri: 1.2.0
      node-fetch: 2.7.0
      p-timeout: 4.1.0
      safe-compare: 1.1.4
      sandwich-stream: 2.0.2
    transitivePeerDependencies:
      - encoding
      - supports-color

  tr46@0.0.3: {}

  typescript@5.6.3: {}

  webidl-conversions@3.0.1: {}

  whatwg-url@5.0.0:
    dependencies:
      tr46: 0.0.3
      webidl-conversions: 3.0.1
